
Microsoft Visual Studio Solution File, Format Version 12.00
# Visual Studio Version 16
VisualStudioVersion = 16.0.34031.81
MinimumVisualStudioVersion = 10.0.40219.1
Project("{FAE04EC0-301F-11D3-BF4B-00C04F79EFBC}") = "WebForms", "WebForms\WebForms.csproj", "{EDD153EB-9968-41A2-8CCA-7E2EEDE6D6B4}"
EndProject
Project("{FAE04EC0-301F-11D3-BF4B-00C04F79EFBC}") = "Datos", "..\..\Trabajopractico_2\Tp_Catalogo\Datos\Datos.csproj", "{1E2DD10F-D3F0-4890-AD0C-206E7D237884}"
EndProject
Project("{FAE04EC0-301F-11D3-BF4B-00C04F79EFBC}") = "Dominio", "..\..\Trabajopractico_2\Tp_Catalogo\Dominio\Dominio.csproj", "{14A14826-F146-41CC-B410-1086B9865D4A}"
EndProject
Global
	GlobalSection(SolutionConfigurationPlatforms) = preSolution
		Debug|Any CPU = Debug|Any CPU
		Release|Any CPU = Release|Any CPU
	EndGlobalSection
	GlobalSection(ProjectConfigurationPlatforms) = postSolution
		{EDD153EB-9968-41A2-8CCA-7E2EEDE6D6B4}.Debug|Any CPU.ActiveCfg = Debug|Any CPU
		{EDD153EB-9968-41A2-8CCA-7E2EEDE6D6B4}.Debug|Any CPU.Build.0 = Debug|Any CPU
		{EDD153EB-9968-41A2-8CCA-7E2EEDE6D6B4}.Release|Any CPU.ActiveCfg = Release|Any CPU
		{EDD153EB-9968-41A2-8CCA-7E2EEDE6D6B4}.Release|Any CPU.Build.0 = Release|Any CPU
		{1E2DD10F-D3F0-4890-AD0C-206E7D237884}.Debug|Any CPU.ActiveCfg = Debug|Any CPU
		{1E2DD10F-D3F0-4890-AD0C-206E7D237884}.Debug|Any CPU.Build.0 = Debug|Any CPU
		{1E2DD10F-D3F0-4890-AD0C-206E7D237884}.Release|Any CPU.ActiveCfg = Release|Any CPU
		{1E2DD10F-D3F0-4890-AD0C-206E7D237884}.Release|Any CPU.Build.0 = Release|Any CPU
		{14A14826-F146-41CC-B410-1086B9865D4A}.Debug|Any CPU.ActiveCfg = Debug|Any CPU
		{14A14826-F146-41CC-B410-1086B9865D4A}.Debug|Any CPU.Build.0 = Debug|Any CPU
		{14A14826-F146-41CC-B410-1086B9865D4A}.Release|Any CPU.ActiveCfg = Release|Any CPU
		{14A14826-F146-41CC-B410-1086B9865D4A}.Release|Any CPU.Build.0 = Release|Any CPU
	EndGlobalSection
	GlobalSection(SolutionProperties) = preSolution
		HideSolutionNode = FALSE
	EndGlobalSection
	GlobalSection(ExtensibilityGlobals) = postSolution
		SolutionGuid = {8DF0B398-0FDB-4858-AAC0-9778526F5217}
	EndGlobalSection
EndGlobal
